// !$*UTF8*$!
{
	archiveVersion = 1;
	classes = {
	};
	objectVersion = 55;
	objects = {

/* Begin PBXBuildFile section */
		02BCFCDC67E3373EBD135ADF /* Pods_BYRClient.framework in Frameworks */ = {isa = PBXBuildFile; fileRef = 73060BA1E957AA4538042D17 /* Pods_BYRClient.framework */; };
		2C7BE7BF27F46AEC0065C594 /* AppDelegate.swift in Sources */ = {isa = PBXBuildFile; fileRef = 2C7BE7BE27F46AEC0065C594 /* AppDelegate.swift */; };
		2C7BE7C127F46AEC0065C594 /* SceneDelegate.swift in Sources */ = {isa = PBXBuildFile; fileRef = 2C7BE7C027F46AEC0065C594 /* SceneDelegate.swift */; };
		2C7BE7C327F46AEC0065C594 /* ViewController.swift in Sources */ = {isa = PBXBuildFile; fileRef = 2C7BE7C227F46AEC0065C594 /* ViewController.swift */; };
		2C7BE7C627F46AEC0065C594 /* Main.storyboard in Resources */ = {isa = PBXBuildFile; fileRef = 2C7BE7C427F46AEC0065C594 /* Main.storyboard */; };
		2C7BE7C827F46AEE0065C594 /* Assets.xcassets in Resources */ = {isa = PBXBuildFile; fileRef = 2C7BE7C727F46AEE0065C594 /* Assets.xcassets */; };
		2C7BE7CB27F46AEE0065C594 /* LaunchScreen.storyboard in Resources */ = {isa = PBXBuildFile; fileRef = 2C7BE7C927F46AEE0065C594 /* LaunchScreen.storyboard */; };
		2C7BE7D627F46AEE0065C594 /* BYRClientTests.swift in Sources */ = {isa = PBXBuildFile; fileRef = 2C7BE7D527F46AEE0065C594 /* BYRClientTests.swift */; };
		2C7BE7E027F46AEE0065C594 /* BYRClientUITests.swift in Sources */ = {isa = PBXBuildFile; fileRef = 2C7BE7DF27F46AEE0065C594 /* BYRClientUITests.swift */; };
		2C7BE7E227F46AEE0065C594 /* BYRClientUITestsLaunchTests.swift in Sources */ = {isa = PBXBuildFile; fileRef = 2C7BE7E127F46AEE0065C594 /* BYRClientUITestsLaunchTests.swift */; };
		84CA0C9E545174EF17DE42F8 /* Pods_BYRClientTests.framework in Frameworks */ = {isa = PBXBuildFile; fileRef = 4B1924110B2B369F5006046B /* Pods_BYRClientTests.framework */; };
		C3B8DCA9E928B06052CBA5D8 /* Pods_BYRClient_BYRClientUITests.framework in Frameworks */ = {isa = PBXBuildFile; fileRef = 2D968983C098DFC1805E49EB /* Pods_BYRClient_BYRClientUITests.framework */; };
/* End PBXBuildFile section */

/* Begin PBXContainerItemProxy section */
		2C7BE7D227F46AEE0065C594 /* PBXContainerItemProxy */ = {
			isa = PBXContainerItemProxy;
			containerPortal = 2C7BE7B327F46AEC0065C594 /* Project object */;
			proxyType = 1;
			remoteGlobalIDString = 2C7BE7BA27F46AEC0065C594;
			remoteInfo = BYRClient;
		};
		2C7BE7DC27F46AEE0065C594 /* PBXContainerItemProxy */ = {
			isa = PBXContainerItemProxy;
			containerPortal = 2C7BE7B327F46AEC0065C594 /* Project object */;
			proxyType = 1;
			remoteGlobalIDString = 2C7BE7BA27F46AEC0065C594;
			remoteInfo = BYRClient;
		};
/* End PBXContainerItemProxy section */

/* Begin PBXFileReference section */
		2C7BE7BB27F46AEC0065C594 /* BYRClient.app */ = {isa = PBXFileReference; explicitFileType = wrapper.application; includeInIndex = 0; path = BYRClient.app; sourceTree = BUILT_PRODUCTS_DIR; };
		2C7BE7BE27F46AEC0065C594 /* AppDelegate.swift */ = {isa = PBXFileReference; lastKnownFileType = sourcecode.swift; path = AppDelegate.swift; sourceTree = "<group>"; };
		2C7BE7C027F46AEC0065C594 /* SceneDelegate.swift */ = {isa = PBXFileReference; lastKnownFileType = sourcecode.swift; path = SceneDelegate.swift; sourceTree = "<group>"; };
		2C7BE7C227F46AEC0065C594 /* ViewController.swift */ = {isa = PBXFileReference; lastKnownFileType = sourcecode.swift; path = ViewController.swift; sourceTree = "<group>"; };
		2C7BE7C527F46AEC0065C594 /* Base */ = {isa = PBXFileReference; lastKnownFileType = file.storyboard; name = Base; path = Base.lproj/Main.storyboard; sourceTree = "<group>"; };
		2C7BE7C727F46AEE0065C594 /* Assets.xcassets */ = {isa = PBXFileReference; lastKnownFileType = folder.assetcatalog; path = Assets.xcassets; sourceTree = "<group>"; };
		2C7BE7CA27F46AEE0065C594 /* Base */ = {isa = PBXFileReference; lastKnownFileType = file.storyboard; name = Base; path = Base.lproj/LaunchScreen.storyboard; sourceTree = "<group>"; };
		2C7BE7CC27F46AEE0065C594 /* Info.plist */ = {isa = PBXFileReference; lastKnownFileType = text.plist.xml; path = Info.plist; sourceTree = "<group>"; };
		2C7BE7D127F46AEE0065C594 /* BYRClientTests.xctest */ = {isa = PBXFileReference; explicitFileType = wrapper.cfbundle; includeInIndex = 0; path = BYRClientTests.xctest; sourceTree = BUILT_PRODUCTS_DIR; };
		2C7BE7D527F46AEE0065C594 /* BYRClientTests.swift */ = {isa = PBXFileReference; lastKnownFileType = sourcecode.swift; path = BYRClientTests.swift; sourceTree = "<group>"; };
		2C7BE7DB27F46AEE0065C594 /* BYRClientUITests.xctest */ = {isa = PBXFileReference; explicitFileType = wrapper.cfbundle; includeInIndex = 0; path = BYRClientUITests.xctest; sourceTree = BUILT_PRODUCTS_DIR; };
		2C7BE7DF27F46AEE0065C594 /* BYRClientUITests.swift */ = {isa = PBXFileReference; lastKnownFileType = sourcecode.swift; path = BYRClientUITests.swift; sourceTree = "<group>"; };
		2C7BE7E127F46AEE0065C594 /* BYRClientUITestsLaunchTests.swift */ = {isa = PBXFileReference; lastKnownFileType = sourcecode.swift; path = BYRClientUITestsLaunchTests.swift; sourceTree = "<group>"; };
		2D968983C098DFC1805E49EB /* Pods_BYRClient_BYRClientUITests.framework */ = {isa = PBXFileReference; explicitFileType = wrapper.framework; includeInIndex = 0; path = Pods_BYRClient_BYRClientUITests.framework; sourceTree = BUILT_PRODUCTS_DIR; };
		38C5B2F18BDB3DB816FC78D7 /* Pods-BYRClient-BYRClientUITests.debug.xcconfig */ = {isa = PBXFileReference; includeInIndex = 1; lastKnownFileType = text.xcconfig; name = "Pods-BYRClient-BYRClientUITests.debug.xcconfig"; path = "Target Support Files/Pods-BYRClient-BYRClientUITests/Pods-BYRClient-BYRClientUITests.debug.xcconfig"; sourceTree = "<group>"; };
		4B1924110B2B369F5006046B /* Pods_BYRClientTests.framework */ = {isa = PBXFileReference; explicitFileType = wrapper.framework; includeInIndex = 0; path = Pods_BYRClientTests.framework; sourceTree = BUILT_PRODUCTS_DIR; };
		73060BA1E957AA4538042D17 /* Pods_BYRClient.framework */ = {isa = PBXFileReference; explicitFileType = wrapper.framework; includeInIndex = 0; path = Pods_BYRClient.framework; sourceTree = BUILT_PRODUCTS_DIR; };
		82BF6DDBA5FE66EE8EF9289E /* Pods-BYRClientTests.release.xcconfig */ = {isa = PBXFileReference; includeInIndex = 1; lastKnownFileType = text.xcconfig; name = "Pods-BYRClientTests.release.xcconfig"; path = "Target Support Files/Pods-BYRClientTests/Pods-BYRClientTests.release.xcconfig"; sourceTree = "<group>"; };
		9DD68FA77DE88BF333CCC7EB /* Pods-BYRClient-BYRClientUITests.release.xcconfig */ = {isa = PBXFileReference; includeInIndex = 1; lastKnownFileType = text.xcconfig; name = "Pods-BYRClient-BYRClientUITests.release.xcconfig"; path = "Target Support Files/Pods-BYRClient-BYRClientUITests/Pods-BYRClient-BYRClientUITests.release.xcconfig"; sourceTree = "<group>"; };
		AE5F116CCC78A21621FBF408 /* Pods-BYRClientTests.debug.xcconfig */ = {isa = PBXFileReference; includeInIndex = 1; lastKnownFileType = text.xcconfig; name = "Pods-BYRClientTests.debug.xcconfig"; path = "Target Support Files/Pods-BYRClientTests/Pods-BYRClientTests.debug.xcconfig"; sourceTree = "<group>"; };
		D723E1E718F77C6AB84C6820 /* Pods-BYRClient.debug.xcconfig */ = {isa = PBXFileReference; includeInIndex = 1; lastKnownFileType = text.xcconfig; name = "Pods-BYRClient.debug.xcconfig"; path = "Target Support Files/Pods-BYRClient/Pods-BYRClient.debug.xcconfig"; sourceTree = "<group>"; };
		F8288200E248805D150B8AEB /* Pods-BYRClient.release.xcconfig */ = {isa = PBXFileReference; includeInIndex = 1; lastKnownFileType = text.xcconfig; name = "Pods-BYRClient.release.xcconfig"; path = "Target Support Files/Pods-BYRClient/Pods-BYRClient.release.xcconfig"; sourceTree = "<group>"; };
/* End PBXFileReference section */

/* Begin PBXFrameworksBuildPhase section */
		2C7BE7B827F46AEC0065C594 /* Frameworks */ = {
			isa = PBXFrameworksBuildPhase;
			buildActionMask = 2147483647;
			files = (
				02BCFCDC67E3373EBD135ADF /* Pods_BYRClient.framework in Frameworks */,
			);
			runOnlyForDeploymentPostprocessing = 0;
		};
		2C7BE7CE27F46AEE0065C594 /* Frameworks */ = {
			isa = PBXFrameworksBuildPhase;
			buildActionMask = 2147483647;
			files = (
				84CA0C9E545174EF17DE42F8 /* Pods_BYRClientTests.framework in Frameworks */,
			);
			runOnlyForDeploymentPostprocessing = 0;
		};
		2C7BE7D827F46AEE0065C594 /* Frameworks */ = {
			isa = PBXFrameworksBuildPhase;
			buildActionMask = 2147483647;
			files = (
				C3B8DCA9E928B06052CBA5D8 /* Pods_BYRClient_BYRClientUITests.framework in Frameworks */,
			);
			runOnlyForDeploymentPostprocessing = 0;
		};
/* End PBXFrameworksBuildPhase section */

/* Begin PBXGroup section */
		21B45055DD1BA0F31971551B /* Pods */ = {
			isa = PBXGroup;
			children = (
				D723E1E718F77C6AB84C6820 /* Pods-BYRClient.debug.xcconfig */,
				F8288200E248805D150B8AEB /* Pods-BYRClient.release.xcconfig */,
				38C5B2F18BDB3DB816FC78D7 /* Pods-BYRClient-BYRClientUITests.debug.xcconfig */,
				9DD68FA77DE88BF333CCC7EB /* Pods-BYRClient-BYRClientUITests.release.xcconfig */,
				AE5F116CCC78A21621FBF408 /* Pods-BYRClientTests.debug.xcconfig */,
				82BF6DDBA5FE66EE8EF9289E /* Pods-BYRClientTests.release.xcconfig */,
			);
			name = Pods;
			path = Pods;
			sourceTree = "<group>";
		};
		2C7BE7B227F46AEC0065C594 = {
			isa = PBXGroup;
			children = (
				2C7BE7BD27F46AEC0065C594 /* BYRClient */,
				2C7BE7D427F46AEE0065C594 /* BYRClientTests */,
				2C7BE7DE27F46AEE0065C594 /* BYRClientUITests */,
				2C7BE7BC27F46AEC0065C594 /* Products */,
				21B45055DD1BA0F31971551B /* Pods */,
				CCD551E38195068CA94F72EE /* Frameworks */,
			);
			sourceTree = "<group>";
		};
		2C7BE7BC27F46AEC0065C594 /* Products */ = {
			isa = PBXGroup;
			children = (
				2C7BE7BB27F46AEC0065C594 /* BYRClient.app */,
				2C7BE7D127F46AEE0065C594 /* BYRClientTests.xctest */,
				2C7BE7DB27F46AEE0065C594 /* BYRClientUITests.xctest */,
			);
			name = Products;
			sourceTree = "<group>";
		};
		2C7BE7BD27F46AEC0065C594 /* BYRClient */ = {
			isa = PBXGroup;
			children = (
				2C7BE7BE27F46AEC0065C594 /* AppDelegate.swift */,
				2C7BE7C027F46AEC0065C594 /* SceneDelegate.swift */,
				2C7BE7C227F46AEC0065C594 /* ViewController.swift */,
				2C7BE7C427F46AEC0065C594 /* Main.storyboard */,
				2C7BE7C727F46AEE0065C594 /* Assets.xcassets */,
				2C7BE7C927F46AEE0065C594 /* LaunchScreen.storyboard */,
				2C7BE7CC27F46AEE0065C594 /* Info.plist */,
			);
			path = BYRClient;
			sourceTree = "<group>";
		};
		2C7BE7D427F46AEE0065C594 /* BYRClientTests */ = {
			isa = PBXGroup;
			children = (
				2C7BE7D527F46AEE0065C594 /* BYRClientTests.swift */,
			);
			path = BYRClientTests;
			sourceTree = "<group>";
		};
		2C7BE7DE27F46AEE0065C594 /* BYRClientUITests */ = {
			isa = PBXGroup;
			children = (
				2C7BE7DF27F46AEE0065C594 /* BYRClientUITests.swift */,
				2C7BE7E127F46AEE0065C594 /* BYRClientUITestsLaunchTests.swift */,
			);
			path = BYRClientUITests;
			sourceTree = "<group>";
		};
		CCD551E38195068CA94F72EE /* Frameworks */ = {
			isa = PBXGroup;
			children = (
				73060BA1E957AA4538042D17 /* Pods_BYRClient.framework */,
				2D968983C098DFC1805E49EB /* Pods_BYRClient_BYRClientUITests.framework */,
				4B1924110B2B369F5006046B /* Pods_BYRClientTests.framework */,
			);
			name = Frameworks;
			sourceTree = "<group>";
		};
/* End PBXGroup section */

/* Begin PBXNativeTarget section */
		2C7BE7BA27F46AEC0065C594 /* BYRClient */ = {
			isa = PBXNativeTarget;
			buildConfigurationList = 2C7BE7E527F46AEE0065C594 /* Build configuration list for PBXNativeTarget "BYRClient" */;
			buildPhases = (
				F238BD9F0C33419D86CA4834 /* [CP] Check Pods Manifest.lock */,
				2C7BE7B727F46AEC0065C594 /* Sources */,
				2C7BE7B827F46AEC0065C594 /* Frameworks */,
				2C7BE7B927F46AEC0065C594 /* Resources */,
				CBFFCBE35DA93AFADE4BFC28 /* [CP] Embed Pods Frameworks */,
			);
			buildRules = (
			);
			dependencies = (
			);
			name = BYRClient;
			productName = BYRClient;
			productReference = 2C7BE7BB27F46AEC0065C594 /* BYRClient.app */;
			productType = "com.apple.product-type.application";
		};
		2C7BE7D027F46AEE0065C594 /* BYRClientTests */ = {
			isa = PBXNativeTarget;
			buildConfigurationList = 2C7BE7E827F46AEE0065C594 /* Build configuration list for PBXNativeTarget "BYRClientTests" */;
			buildPhases = (
				96BD8AA9DE763BA8ECC50631 /* [CP] Check Pods Manifest.lock */,
				2C7BE7CD27F46AEE0065C594 /* Sources */,
				2C7BE7CE27F46AEE0065C594 /* Frameworks */,
				2C7BE7CF27F46AEE0065C594 /* Resources */,
			);
			buildRules = (
			);
			dependencies = (
				2C7BE7D327F46AEE0065C594 /* PBXTargetDependency */,
			);
			name = BYRClientTests;
			productName = BYRClientTests;
			productReference = 2C7BE7D127F46AEE0065C594 /* BYRClientTests.xctest */;
			productType = "com.apple.product-type.bundle.unit-test";
		};
		2C7BE7DA27F46AEE0065C594 /* BYRClientUITests */ = {
			isa = PBXNativeTarget;
			buildConfigurationList = 2C7BE7EB27F46AEE0065C594 /* Build configuration list for PBXNativeTarget "BYRClientUITests" */;
			buildPhases = (
				644F3F327738AA61C6B238A5 /* [CP] Check Pods Manifest.lock */,
				2C7BE7D727F46AEE0065C594 /* Sources */,
				2C7BE7D827F46AEE0065C594 /* Frameworks */,
				2C7BE7D927F46AEE0065C594 /* Resources */,
				A57608200D0406A1E539EC0B /* [CP] Embed Pods Frameworks */,
			);
			buildRules = (
			);
			dependencies = (
				2C7BE7DD27F46AEE0065C594 /* PBXTargetDependency */,
			);
			name = BYRClientUITests;
			productName = BYRClientUITests;
			productReference = 2C7BE7DB27F46AEE0065C594 /* BYRClientUITests.xctest */;
			productType = "com.apple.product-type.bundle.ui-testing";
		};
/* End PBXNativeTarget section */

/* Begin PBXProject section */
		2C7BE7B327F46AEC0065C594 /* Project object */ = {
			isa = PBXProject;
			attributes = {
				BuildIndependentTargetsInParallel = 1;
				LastSwiftUpdateCheck = 1320;
				LastUpgradeCheck = 1320;
				TargetAttributes = {
					2C7BE7BA27F46AEC0065C594 = {
						CreatedOnToolsVersion = 13.2.1;
					};
					2C7BE7D027F46AEE0065C594 = {
						CreatedOnToolsVersion = 13.2.1;
						TestTargetID = 2C7BE7BA27F46AEC0065C594;
					};
					2C7BE7DA27F46AEE0065C594 = {
						CreatedOnToolsVersion = 13.2.1;
						TestTargetID = 2C7BE7BA27F46AEC0065C594;
					};
				};
			};
			buildConfigurationList = 2C7BE7B627F46AEC0065C594 /* Build configuration list for PBXProject "BYRClient" */;
			compatibilityVersion = "Xcode 13.0";
			developmentRegion = en;
			hasScannedForEncodings = 0;
			knownRegions = (
				en,
				Base,
			);
			mainGroup = 2C7BE7B227F46AEC0065C594;
			productRefGroup = 2C7BE7BC27F46AEC0065C594 /* Products */;
			projectDirPath = "";
			projectRoot = "";
			targets = (
				2C7BE7BA27F46AEC0065C594 /* BYRClient */,
				2C7BE7D027F46AEE0065C594 /* BYRClientTests */,
				2C7BE7DA27F46AEE0065C594 /* BYRClientUITests */,
			);
		};
/* End PBXProject section */

/* Begin PBXResourcesBuildPhase section */
		2C7BE7B927F46AEC0065C594 /* Resources */ = {
			isa = PBXResourcesBuildPhase;
			buildActionMask = 2147483647;
			files = (
				2C7BE7CB27F46AEE0065C594 /* LaunchScreen.storyboard in Resources */,
				2C7BE7C827F46AEE0065C594 /* Assets.xcassets in Resources */,
				2C7BE7C627F46AEC0065C594 /* Main.storyboard in Resources */,
			);
			runOnlyForDeploymentPostprocessing = 0;
		};
		2C7BE7CF27F46AEE0065C594 /* Resources */ = {
			isa = PBXResourcesBuildPhase;
			buildActionMask = 2147483647;
			files = (
			);
			runOnlyForDeploymentPostprocessing = 0;
		};
		2C7BE7D927F46AEE0065C594 /* Resources */ = {
			isa = PBXResourcesBuildPhase;
			buildActionMask = 2147483647;
			files = (
			);
			runOnlyForDeploymentPostprocessing = 0;
		};
/* End PBXResourcesBuildPhase section */

/* Begin PBXShellScriptBuildPhase section */
		644F3F327738AA61C6B238A5 /* [CP] Check Pods Manifest.lock */ = {
			isa = PBXShellScriptBuildPhase;
			buildActionMask = 2147483647;
			files = (
			);
			inputFileListPaths = (
			);
			inputPaths = (
				"${PODS_PODFILE_DIR_PATH}/Podfile.lock",
				"${PODS_ROOT}/Manifest.lock",
			);
			name = "[CP] Check Pods Manifest.lock";
			outputFileListPaths = (
			);
			outputPaths = (
				"$(DERIVED_FILE_DIR)/Pods-BYRClient-BYRClientUITests-checkManifestLockResult.txt",
			);
			runOnlyForDeploymentPostprocessing = 0;
			shellPath = /bin/sh;
			shellScript = "diff \"${PODS_PODFILE_DIR_PATH}/Podfile.lock\" \"${PODS_ROOT}/Manifest.lock\" > /dev/null\nif [ $? != 0 ] ; then\n    # print error to STDERR\n    echo \"error: The sandbox is not in sync with the Podfile.lock. Run 'pod install' or update your CocoaPods installation.\" >&2\n    exit 1\nfi\n# This output is used by Xcode 'outputs' to avoid re-running this script phase.\necho \"SUCCESS\" > \"${SCRIPT_OUTPUT_FILE_0}\"\n";
			showEnvVarsInLog = 0;
		};
		96BD8AA9DE763BA8ECC50631 /* [CP] Check Pods Manifest.lock */ = {
			isa = PBXShellScriptBuildPhase;
			buildActionMask = 2147483647;
			files = (
			);
			inputFileListPaths = (
			);
			inputPaths = (
				"${PODS_PODFILE_DIR_PATH}/Podfile.lock",
				"${PODS_ROOT}/Manifest.lock",
			);
			name = "[CP] Check Pods Manifest.lock";
			outputFileListPaths = (
			);
			outputPaths = (
				"$(DERIVED_FILE_DIR)/Pods-BYRClientTests-checkManifestLockResult.txt",
			);
			runOnlyForDeploymentPostprocessing = 0;
			shellPath = /bin/sh;
			shellScript = "diff \"${PODS_PODFILE_DIR_PATH}/Podfile.lock\" \"${PODS_ROOT}/Manifest.lock\" > /dev/null\nif [ $? != 0 ] ; then\n    # print error to STDERR\n    echo \"error: The sandbox is not in sync with the Podfile.lock. Run 'pod install' or update your CocoaPods installation.\" >&2\n    exit 1\nfi\n# This output is used by Xcode 'outputs' to avoid re-running this script phase.\necho \"SUCCESS\" > \"${SCRIPT_OUTPUT_FILE_0}\"\n";
			showEnvVarsInLog = 0;
		};
		A57608200D0406A1E539EC0B /* [CP] Embed Pods Frameworks */ = {
			isa = PBXShellScriptBuildPhase;
			buildActionMask = 2147483647;
			files = (
			);
			inputFileListPaths = (
				"${PODS_ROOT}/Target Support Files/Pods-BYRClient-BYRClientUITests/Pods-BYRClient-BYRClientUITests-frameworks-${CONFIGURATION}-input-files.xcfilelist",
			);
			name = "[CP] Embed Pods Frameworks";
			outputFileListPaths = (
				"${PODS_ROOT}/Target Support Files/Pods-BYRClient-BYRClientUITests/Pods-BYRClient-BYRClientUITests-frameworks-${CONFIGURATION}-output-files.xcfilelist",
			);
			runOnlyForDeploymentPostprocessing = 0;
			shellPath = /bin/sh;
			shellScript = "\"${PODS_ROOT}/Target Support Files/Pods-BYRClient-BYRClientUITests/Pods-BYRClient-BYRClientUITests-frameworks.sh\"\n";
			showEnvVarsInLog = 0;
		};
		CBFFCBE35DA93AFADE4BFC28 /* [CP] Embed Pods Frameworks */ = {
			isa = PBXShellScriptBuildPhase;
			buildActionMask = 2147483647;
			files = (
			);
			inputFileListPaths = (
				"${PODS_ROOT}/Target Support Files/Pods-BYRClient/Pods-BYRClient-frameworks-${CONFIGURATION}-input-files.xcfilelist",
			);
			name = "[CP] Embed Pods Frameworks";
			outputFileListPaths = (
				"${PODS_ROOT}/Target Support Files/Pods-BYRClient/Pods-BYRClient-frameworks-${CONFIGURATION}-output-files.xcfilelist",
			);
			runOnlyForDeploymentPostprocessing = 0;
			shellPath = /bin/sh;
			shellScript = "\"${PODS_ROOT}/Target Support Files/Pods-BYRClient/Pods-BYRClient-frameworks.sh\"\n";
			showEnvVarsInLog = 0;
		};
		F238BD9F0C33419D86CA4834 /* [CP] Check Pods Manifest.lock */ = {
			isa = PBXShellScriptBuildPhase;
			buildActionMask = 2147483647;
			files = (
			);
			inputFileListPaths = (
			);
			inputPaths = (
				"${PODS_PODFILE_DIR_PATH}/Podfile.lock",
				"${PODS_ROOT}/Manifest.lock",
			);
			name = "[CP] Check Pods Manifest.lock";
			outputFileListPaths = (
			);
			outputPaths = (
				"$(DERIVED_FILE_DIR)/Pods-BYRClient-checkManifestLockResult.txt",
			);
			runOnlyForDeploymentPostprocessing = 0;
			shellPath = /bin/sh;
			shellScript = "diff \"${PODS_PODFILE_DIR_PATH}/Podfile.lock\" \"${PODS_ROOT}/Manifest.lock\" > /dev/null\nif [ $? != 0 ] ; then\n    # print error to STDERR\n    echo \"error: The sandbox is not in sync with the Podfile.lock. Run 'pod install' or update your CocoaPods installation.\" >&2\n    exit 1\nfi\n# This output is used by Xcode 'outputs' to avoid re-running this script phase.\necho \"SUCCESS\" > \"${SCRIPT_OUTPUT_FILE_0}\"\n";
			showEnvVarsInLog = 0;
		};
/* End PBXShellScriptBuildPhase section */

/* Begin PBXSourcesBuildPhase section */
		2C7BE7B727F46AEC0065C594 /* Sources */ = {
			isa = PBXSourcesBuildPhase;
			buildActionMask = 2147483647;
			files = (
				2C7BE7C327F46AEC0065C594 /* ViewController.swift in Sources */,
				2C7BE7BF27F46AEC0065C594 /* AppDelegate.swift in Sources */,
				2C7BE7C127F46AEC0065C594 /* SceneDelegate.swift in Sources */,
			);
			runOnlyForDeploymentPostprocessing = 0;
		};
		2C7BE7CD27F46AEE0065C594 /* Sources */ = {
			isa = PBXSourcesBuildPhase;
			buildActionMask = 2147483647;
			files = (
				2C7BE7D627F46AEE0065C594 /* BYRClientTests.swift in Sources */,
			);
			runOnlyForDeploymentPostprocessing = 0;
		};
		2C7BE7D727F46AEE0065C594 /* Sources */ = {
			isa = PBXSourcesBuildPhase;
			buildActionMask = 2147483647;
			files = (
				2C7BE7E027F46AEE0065C594 /* BYRClientUITests.swift in Sources */,
				2C7BE7E227F46AEE0065C594 /* BYRClientUITestsLaunchTests.swift in Sources */,
			);
			runOnlyForDeploymentPostprocessing = 0;
		};
/* End PBXSourcesBuildPhase section */

/* Begin PBXTargetDependency section */
		2C7BE7D327F46AEE0065C594 /* PBXTargetDependency */ = {
			isa = PBXTargetDependency;
			target = 2C7BE7BA27F46AEC0065C594 /* BYRClient */;
			targetProxy = 2C7BE7D227F46AEE0065C594 /* PBXContainerItemProxy */;
		};
		2C7BE7DD27F46AEE0065C594 /* PBXTargetDependency */ = {
			isa = PBXTargetDependency;
			target = 2C7BE7BA27F46AEC0065C594 /* BYRClient */;
			targetProxy = 2C7BE7DC27F46AEE0065C594 /* PBXContainerItemProxy */;
		};
/* End PBXTargetDependency section */

/* Begin PBXVariantGroup section */
		2C7BE7C427F46AEC0065C594 /* Main.storyboard */ = {
			isa = PBXVariantGroup;
			children = (
				2C7BE7C527F46AEC0065C594 /* Base */,
			);
			name = Main.storyboard;
			sourceTree = "<group>";
		};
		2C7BE7C927F46AEE0065C594 /* LaunchScreen.storyboard */ = {
			isa = PBXVariantGroup;
			children = (
				2C7BE7CA27F46AEE0065C594 /* Base */,
			);
			name = LaunchScreen.storyboard;
			sourceTree = "<group>";
		};
/* End PBXVariantGroup section */

/* Begin XCBuildConfiguration section */
		2C7BE7E327F46AEE0065C594 /* Debug */ = {
			isa = XCBuildConfiguration;
			buildSettings = {
				ALWAYS_SEARCH_USER_PATHS = NO;
				CLANG_ANALYZER_NONNULL = YES;
				CLANG_ANALYZER_NUMBER_OBJECT_CONVERSION = YES_AGGRESSIVE;
				CLANG_CXX_LANGUAGE_STANDARD = "gnu++17";
				CLANG_CXX_LIBRARY = "libc++";
				CLANG_ENABLE_MODULES = YES;
				CLANG_ENABLE_OBJC_ARC = YES;
				CLANG_ENABLE_OBJC_WEAK = YES;
				CLANG_WARN_BLOCK_CAPTURE_AUTORELEASING = YES;
				CLANG_WARN_BOOL_CONVERSION = YES;
				CLANG_WARN_COMMA = YES;
				CLANG_WARN_CONSTANT_CONVERSION = YES;
				CLANG_WARN_DEPRECATED_OBJC_IMPLEMENTATIONS = YES;
				CLANG_WARN_DIRECT_OBJC_ISA_USAGE = YES_ERROR;
				CLANG_WARN_DOCUMENTATION_COMMENTS = YES;
				CLANG_WARN_EMPTY_BODY = YES;
				CLANG_WARN_ENUM_CONVERSION = YES;
				CLANG_WARN_INFINITE_RECURSION = YES;
				CLANG_WARN_INT_CONVERSION = YES;
				CLANG_WARN_NON_LITERAL_NULL_CONVERSION = YES;
				CLANG_WARN_OBJC_IMPLICIT_RETAIN_SELF = YES;
				CLANG_WARN_OBJC_LITERAL_CONVERSION = YES;
				CLANG_WARN_OBJC_ROOT_CLASS = YES_ERROR;
				CLANG_WARN_QUOTED_INCLUDE_IN_FRAMEWORK_HEADER = YES;
				CLANG_WARN_RANGE_LOOP_ANALYSIS = YES;
				CLANG_WARN_STRICT_PROTOTYPES = YES;
				CLANG_WARN_SUSPICIOUS_MOVE = YES;
				CLANG_WARN_UNGUARDED_AVAILABILITY = YES_AGGRESSIVE;
				CLANG_WARN_UNREACHABLE_CODE = YES;
				CLANG_WARN__DUPLICATE_METHOD_MATCH = YES;
				COPY_PHASE_STRIP = NO;
				DEBUG_INFORMATION_FORMAT = dwarf;
				ENABLE_STRICT_OBJC_MSGSEND = YES;
				ENABLE_TESTABILITY = YES;
				GCC_C_LANGUAGE_STANDARD = gnu11;
				GCC_DYNAMIC_NO_PIC = NO;
				GCC_NO_COMMON_BLOCKS = YES;
				GCC_OPTIMIZATION_LEVEL = 0;
				GCC_PREPROCESSOR_DEFINITIONS = (
					"DEBUG=1",
					"$(inherited)",
				);
				GCC_WARN_64_TO_32_BIT_CONVERSION = YES;
				GCC_WARN_ABOUT_RETURN_TYPE = YES_ERROR;
				GCC_WARN_UNDECLARED_SELECTOR = YES;
				GCC_WARN_UNINITIALIZED_AUTOS = YES_AGGRESSIVE;
				GCC_WARN_UNUSED_FUNCTION = YES;
				GCC_WARN_UNUSED_VARIABLE = YES;
				IPHONEOS_DEPLOYMENT_TARGET = 15.2;
				MTL_ENABLE_DEBUG_INFO = INCLUDE_SOURCE;
				MTL_FAST_MATH = YES;
				ONLY_ACTIVE_ARCH = YES;
				SDKROOT = iphoneos;
				SWIFT_ACTIVE_COMPILATION_CONDITIONS = DEBUG;
				SWIFT_OPTIMIZATION_LEVEL = "-Onone";
			};
			name = Debug;
		};
		2C7BE7E427F46AEE0065C594 /* Release */ = {
			isa = XCBuildConfiguration;
			buildSettings = {
				ALWAYS_SEARCH_USER_PATHS = NO;
				CLANG_ANALYZER_NONNULL = YES;
				CLANG_ANALYZER_NUMBER_OBJECT_CONVERSION = YES_AGGRESSIVE;
				CLANG_CXX_LANGUAGE_STANDARD = "gnu++17";
				CLANG_CXX_LIBRARY = "libc++";
				CLANG_ENABLE_MODULES = YES;
				CLANG_ENABLE_OBJC_ARC = YES;
				CLANG_ENABLE_OBJC_WEAK = YES;
				CLANG_WARN_BLOCK_CAPTURE_AUTORELEASING = YES;
				CLANG_WARN_BOOL_CONVERSION = YES;
				CLANG_WARN_COMMA = YES;
				CLANG_WARN_CONSTANT_CONVERSION = YES;
				CLANG_WARN_DEPRECATED_OBJC_IMPLEMENTATIONS = YES;
				CLANG_WARN_DIRECT_OBJC_ISA_USAGE = YES_ERROR;
				CLANG_WARN_DOCUMENTATION_COMMENTS = YES;
				CLANG_WARN_EMPTY_BODY = YES;
				CLANG_WARN_ENUM_CONVERSION = YES;
				CLANG_WARN_INFINITE_RECURSION = YES;
				CLANG_WARN_INT_CONVERSION = YES;
				CLANG_WARN_NON_LITERAL_NULL_CONVERSION = YES;
				CLANG_WARN_OBJC_IMPLICIT_RETAIN_SELF = YES;
				CLANG_WARN_OBJC_LITERAL_CONVERSION = YES;
				CLANG_WARN_OBJC_ROOT_CLASS = YES_ERROR;
				CLANG_WARN_QUOTED_INCLUDE_IN_FRAMEWORK_HEADER = YES;
				CLANG_WARN_RANGE_LOOP_ANALYSIS = YES;
				CLANG_WARN_STRICT_PROTOTYPES = YES;
				CLANG_WARN_SUSPICIOUS_MOVE = YES;
				CLANG_WARN_UNGUARDED_AVAILABILITY = YES_AGGRESSIVE;
				CLANG_WARN_UNREACHABLE_CODE = YES;
				CLANG_WARN__DUPLICATE_METHOD_MATCH = YES;
				COPY_PHASE_STRIP = NO;
				DEBUG_INFORMATION_FORMAT = "dwarf-with-dsym";
				ENABLE_NS_ASSERTIONS = NO;
				ENABLE_STRICT_OBJC_MSGSEND = YES;
				GCC_C_LANGUAGE_STANDARD = gnu11;
				GCC_NO_COMMON_BLOCKS = YES;
				GCC_WARN_64_TO_32_BIT_CONVERSION = YES;
				GCC_WARN_ABOUT_RETURN_TYPE = YES_ERROR;
				GCC_WARN_UNDECLARED_SELECTOR = YES;
				GCC_WARN_UNINITIALIZED_AUTOS = YES_AGGRESSIVE;
				GCC_WARN_UNUSED_FUNCTION = YES;
				GCC_WARN_UNUSED_VARIABLE = YES;
				IPHONEOS_DEPLOYMENT_TARGET = 15.2;
				MTL_ENABLE_DEBUG_INFO = NO;
				MTL_FAST_MATH = YES;
				SDKROOT = iphoneos;
				SWIFT_COMPILATION_MODE = wholemodule;
				SWIFT_OPTIMIZATION_LEVEL = "-O";
				VALIDATE_PRODUCT = YES;
			};
			name = Release;
		};
		2C7BE7E627F46AEE0065C594 /* Debug */ = {
			isa = XCBuildConfiguration;
			baseConfigurationReference = D723E1E718F77C6AB84C6820 /* Pods-BYRClient.debug.xcconfig */;
			buildSettings = {
				ASSETCATALOG_COMPILER_APPICON_NAME = AppIcon;
				ASSETCATALOG_COMPILER_GLOBAL_ACCENT_COLOR_NAME = AccentColor;
				CODE_SIGN_STYLE = Automatic;
				CURRENT_PROJECT_VERSION = 1;
				DEVELOPMENT_TEAM = JS5T2FLQ2B;
				GENERATE_INFOPLIST_FILE = YES;
				INFOPLIST_FILE = BYRClient/Info.plist;
				INFOPLIST_KEY_UIApplicationSupportsIndirectInputEvents = YES;
				INFOPLIST_KEY_UILaunchStoryboardName = LaunchScreen;
				INFOPLIST_KEY_UIMainStoryboardFile = Main;
				INFOPLIST_KEY_UISupportedInterfaceOrientations_iPad = "UIInterfaceOrientationPortrait UIInterfaceOrientationPortraitUpsideDown UIInterfaceOrientationLandscapeLeft UIInterfaceOrientationLandscapeRight";
				INFOPLIST_KEY_UISupportedInterfaceOrientations_iPhone = "UIInterfaceOrientationPortrait UIInterfaceOrientationLandscapeLeft UIInterfaceOrientationLandscapeRight";
				LD_RUNPATH_SEARCH_PATHS = (
					"$(inherited)",
					"@executable_path/Frameworks",
				);
				MARKETING_VERSION = 1.0;
				PRODUCT_BUNDLE_IDENTIFIER = com.lilu.BYRClient;
				PRODUCT_NAME = "$(TARGET_NAME)";
				SWIFT_EMIT_LOC_STRINGS = YES;
				SWIFT_VERSION = 5.0;
				TARGETED_DEVICE_FAMILY = "1,2";
			};
			name = Debug;
		};
		2C7BE7E727F46AEE0065C594 /* Release */ = {
			isa = XCBuildConfiguration;
			baseConfigurationReference = F8288200E248805D150B8AEB /* Pods-BYRClient.release.xcconfig */;
			buildSettings = {
				ASSETCATALOG_COMPILER_APPICON_NAME = AppIcon;
				ASSETCATALOG_COMPILER_GLOBAL_ACCENT_COLOR_NAME = AccentColor;
				CODE_SIGN_STYLE = Automatic;
				CURRENT_PROJECT_VERSION = 1;
				DEVELOPMENT_TEAM = JS5T2FLQ2B;
				GENERATE_INFOPLIST_FILE = YES;
				INFOPLIST_FILE = BYRClient/Info.plist;
				INFOPLIST_KEY_UIApplicationSupportsIndirectInputEvents = YES;
				INFOPLIST_KEY_UILaunchStoryboardName = LaunchScreen;
				INFOPLIST_KEY_UIMainStoryboardFile = Main;
				INFOPLIST_KEY_UISupportedInterfaceOrientations_iPad = "UIInterfaceOrientationPortrait UIInterfaceOrientationPortraitUpsideDown UIInterfaceOrientationLandscapeLeft UIInterfaceOrientationLandscapeRight";
				INFOPLIST_KEY_UISupportedInterfaceOrientations_iPhone = "UIInterfaceOrientationPortrait UIInterfaceOrientationLandscapeLeft UIInterfaceOrientationLandscapeRight";
				LD_RUNPATH_SEARCH_PATHS = (
					"$(inherited)",
					"@executable_path/Frameworks",
				);
				MARKETING_VERSION = 1.0;
				PRODUCT_BUNDLE_IDENTIFIER = com.lilu.BYRClient;
				PRODUCT_NAME = "$(TARGET_NAME)";
				SWIFT_EMIT_LOC_STRINGS = YES;
				SWIFT_VERSION = 5.0;
				TARGETED_DEVICE_FAMILY = "1,2";
			};
			name = Release;
		};
		2C7BE7E927F46AEE0065C594 /* Debug */ = {
			isa = XCBuildConfiguration;
			baseConfigurationReference = AE5F116CCC78A21621FBF408 /* Pods-BYRClientTests.debug.xcconfig */;
			buildSettings = {
				ALWAYS_EMBED_SWIFT_STANDARD_LIBRARIES = YES;
				BUNDLE_LOADER = "$(TEST_HOST)";
				CODE_SIGN_STYLE = Automatic;
				CURRENT_PROJECT_VERSION = 1;
				DEVELOPMENT_TEAM = JS5T2FLQ2B;
				GENERATE_INFOPLIST_FILE = YES;
				IPHONEOS_DEPLOYMENT_TARGET = 15.2;
				MARKETING_VERSION = 1.0;
				PRODUCT_BUNDLE_IDENTIFIER = com.lilu.BYRClientTests;
				PRODUCT_NAME = "$(TARGET_NAME)";
				SWIFT_EMIT_LOC_STRINGS = NO;
				SWIFT_VERSION = 5.0;
				TARGETED_DEVICE_FAMILY = "1,2";
				TEST_HOST = "$(BUILT_PRODUCTS_DIR)/BYRClient.app/BYRClient";
			};
			name = Debug;
		};
		2C7BE7EA27F46AEE0065C594 /* Release */ = {
			isa = XCBuildConfiguration;
			baseConfigurationReference = 82BF6DDBA5FE66EE8EF9289E /* Pods-BYRClientTests.release.xcconfig */;
			buildSettings = {
				ALWAYS_EMBED_SWIFT_STANDARD_LIBRARIES = YES;
				BUNDLE_LOADER = "$(TEST_HOST)";
				CODE_SIGN_STYLE = Automatic;
				CURRENT_PROJECT_VERSION = 1;
				DEVELOPMENT_TEAM = JS5T2FLQ2B;
				GENERATE_INFOPLIST_FILE = YES;
				IPHONEOS_DEPLOYMENT_TARGET = 15.2;
				MARKETING_VERSION = 1.0;
				PRODUCT_BUNDLE_IDENTIFIER = com.lilu.BYRClientTests;
				PRODUCT_NAME = "$(TARGET_NAME)";
				SWIFT_EMIT_LOC_STRINGS = NO;
				SWIFT_VERSION = 5.0;
				TARGETED_DEVICE_FAMILY = "1,2";
				TEST_HOST = "$(BUILT_PRODUCTS_DIR)/BYRClient.app/BYRClient";
			};
			name = Release;
		};
		2C7BE7EC27F46AEE0065C594 /* Debug */ = {
			isa = XCBuildConfiguration;
			baseConfigurationReference = 38C5B2F18BDB3DB816FC78D7 /* Pods-BYRClient-BYRClientUITests.debug.xcconfig */;
			buildSettings = {
				ALWAYS_EMBED_SWIFT_STANDARD_LIBRARIES = YES;
				CODE_SIGN_STYLE = Automatic;
				CURRENT_PROJECT_VERSION = 1;
				DEVELOPMENT_TEAM = JS5T2FLQ2B;
				GENERATE_INFOPLIST_FILE = YES;
				MARKETING_VERSION = 1.0;
				PRODUCT_BUNDLE_IDENTIFIER = com.lilu.BYRClientUITests;
				PRODUCT_NAME = "$(TARGET_NAME)";
				SWIFT_EMIT_LOC_STRINGS = NO;
				SWIFT_VERSION = 5.0;
				TARGETED_DEVICE_FAMILY = "1,2";
				TEST_TARGET_NAME = BYRClient;
			};
			name = Debug;
		};
		2C7BE7ED27F46AEE0065C594 /* Release */ = {
			isa = XCBuildConfiguration;
			baseConfigurationReference = 9DD68FA77DE88BF333CCC7EB /* Pods-BYRClient-BYRClientUITests.release.xcconfig */;
			buildSettings = {
				ALWAYS_EMBED_SWIFT_STANDARD_LIBRARIES = YES;
				CODE_SIGN_STYLE = Automatic;
				CURRENT_PROJECT_VERSION = 1;
				DEVELOPMENT_TEAM = JS5T2FLQ2B;
				GENERATE_INFOPLIST_FILE = YES;
				MARKETING_VERSION = 1.0;
				PRODUCT_BUNDLE_IDENTIFIER = com.lilu.BYRClientUITests;
				PRODUCT_NAME = "$(TARGET_NAME)";
				SWIFT_EMIT_LOC_STRINGS = NO;
				SWIFT_VERSION = 5.0;
				TARGETED_DEVICE_FAMILY = "1,2";
				TEST_TARGET_NAME = BYRClient;
			};
			name = Release;
		};
/* End XCBuildConfiguration section */

/* Begin XCConfigurationList section */
		2C7BE7B627F46AEC0065C594 /* Build configuration list for PBXProject "BYRClient" */ = {
			isa = XCConfigurationList;
			buildConfigurations = (
				2C7BE7E327F46AEE0065C594 /* Debug */,
				2C7BE7E427F46AEE0065C594 /* Release */,
			);
			defaultConfigurationIsVisible = 0;
			defaultConfigurationName = Release;
		};
		2C7BE7E527F46AEE0065C594 /* Build configuration list for PBXNativeTarget "BYRClient" */ = {
			isa = XCConfigurationList;
			buildConfigurations = (
				2C7BE7E627F46AEE0065C594 /* Debug */,
				2C7BE7E727F46AEE0065C594 /* Release */,
			);
			defaultConfigurationIsVisible = 0;
			defaultConfigurationName = Release;
		};
		2C7BE7E827F46AEE0065C594 /* Build configuration list for PBXNativeTarget "BYRClientTests" */ = {
			isa = XCConfigurationList;
			buildConfigurations = (
				2C7BE7E927F46AEE0065C594 /* Debug */,
				2C7BE7EA27F46AEE0065C594 /* Release */,
			);
			defaultConfigurationIsVisible = 0;
			defaultConfigurationName = Release;
		};
		2C7BE7EB27F46AEE0065C594 /* Build configuration list for PBXNativeTarget "BYRClientUITests" */ = {
			isa = XCConfigurationList;
			buildConfigurations = (
				2C7BE7EC27F46AEE0065C594 /* Debug */,
				2C7BE7ED27F46AEE0065C594 /* Release */,
			);
			defaultConfigurationIsVisible = 0;
			defaultConfigurationName = Release;
		};
/* End XCConfigurationList section */
	};
	rootObject = 2C7BE7B327F46AEC0065C594 /* Project object */;
}
